
Microsoft Visual Studio Solution File, Format Version 12.00
# Visual Studio Version 16
VisualStudioVersion = 16.0.30503.244
MinimumVisualStudioVersion = 10.0.40219.1
Project("{FAE04EC0-301F-11D3-BF4B-00C04F79EFBC}") = "LoginFormAUTH", "LoginFormAUTH\LoginFormAUTH.csproj", "{DBA48A1D-8000-466D-B20A-5ED84A229F5D}"
EndProject
Project("{FAE04EC0-301F-11D3-BF4B-00C04F79EFBC}") = "DataAccessLayer", "DataAccessLayer\DataAccessLayer.csproj", "{C40E4A96-1B0E-4EC5-B7CC-9376D53C5638}"
EndProject
Global
	GlobalSection(SolutionConfigurationPlatforms) = preSolution
		Debug|Any CPU = Debug|Any CPU
		Release|Any CPU = Release|Any CPU
	EndGlobalSection
	GlobalSection(ProjectConfigurationPlatforms) = postSolution
		{DBA48A1D-8000-466D-B20A-5ED84A229F5D}.Debug|Any CPU.ActiveCfg = Debug|Any CPU
		{DBA48A1D-8000-466D-B20A-5ED84A229F5D}.Debug|Any CPU.Build.0 = Debug|Any CPU
		{DBA48A1D-8000-466D-B20A-5ED84A229F5D}.Release|Any CPU.ActiveCfg = Release|Any CPU
		{DBA48A1D-8000-466D-B20A-5ED84A229F5D}.Release|Any CPU.Build.0 = Release|Any CPU
		{C40E4A96-1B0E-4EC5-B7CC-9376D53C5638}.Debug|Any CPU.ActiveCfg = Debug|Any CPU
		{C40E4A96-1B0E-4EC5-B7CC-9376D53C5638}.Debug|Any CPU.Build.0 = Debug|Any CPU
		{C40E4A96-1B0E-4EC5-B7CC-9376D53C5638}.Release|Any CPU.ActiveCfg = Release|Any CPU
		{C40E4A96-1B0E-4EC5-B7CC-9376D53C5638}.Release|Any CPU.Build.0 = Release|Any CPU
	EndGlobalSection
	GlobalSection(SolutionProperties) = preSolution
		HideSolutionNode = FALSE
	EndGlobalSection
	GlobalSection(ExtensibilityGlobals) = postSolution
		SolutionGuid = {17832899-7CE2-42B3-9B49-743A44D9D220}
	EndGlobalSection
EndGlobal
